
Microsoft Visual Studio Solution File, Format Version 12.00
# Visual Studio Version 17
VisualStudioVersion = 17.9.34622.214
MinimumVisualStudioVersion = 10.0.40219.1
Project("{2150E333-8FDC-42A3-9474-1A3956D46DE8}") = "Src", "Src", "{CCC90213-8D52-4227-8B88-A601DA8F099B}"
EndProject
Project("{2150E333-8FDC-42A3-9474-1A3956D46DE8}") = "Services", "Services", "{19057D9E-C890-494B-949D-79B50D307590}"
EndProject
Project("{2150E333-8FDC-42A3-9474-1A3956D46DE8}") = "CampaignService", "CampaignService", "{90940D5E-C1E1-4389-8DCD-9E554349BA6E}"
EndProject
Project("{2150E333-8FDC-42A3-9474-1A3956D46DE8}") = "UserService", "UserService", "{645E9C17-D25F-442B-B4EA-C1CBC40390BB}"
EndProject
Project("{9A19103F-16F7-4668-BE54-9A1E7A4F7556}") = "Ads.Api", "Ads.Api\Ads.Api.csproj", "{19A6C077-4C85-429D-B73F-0C311F3C14BD}"
EndProject
Project("{9A19103F-16F7-4668-BE54-9A1E7A4F7556}") = "Ads.Infrastructure", "Ads.Infrastructure\Ads.Infrastructure.csproj", "{EC64C38D-AE51-464C-9696-9975FE09ADD2}"
EndProject
Project("{9A19103F-16F7-4668-BE54-9A1E7A4F7556}") = "Ads.Domain", "Ads.Domain\Ads.Domain.csproj", "{2D7E5BAA-7C76-499D-8EC0-24FB4EE26928}"
EndProject
Project("{9A19103F-16F7-4668-BE54-9A1E7A4F7556}") = "Ads.Application", "Ads.Application\Ads.Application.csproj", "{D4359008-FF4B-4E4E-9536-E2F55525E575}"
EndProject
Project("{9A19103F-16F7-4668-BE54-9A1E7A4F7556}") = "Authentication.Api", "Authentication.Api\Authentication.Api.csproj", "{B4E6930C-3AF1-4A13-B905-7FFBD985E4F3}"
EndProject
Project("{9A19103F-16F7-4668-BE54-9A1E7A4F7556}") = "Authentication.Infrastructure", "Authentication.Infrastructure\Authentication.Infrastructure.csproj", "{EBCA7688-4BF1-48BD-9264-A6C9B0D1F912}"
EndProject
Project("{9A19103F-16F7-4668-BE54-9A1E7A4F7556}") = "Authentication.Contracts", "Authentication.Contracts\Authentication.Contracts.csproj", "{B991719A-C426-443F-A5D0-0579854B7338}"
EndProject
Project("{9A19103F-16F7-4668-BE54-9A1E7A4F7556}") = "Authentication.Domain", "Authentication.Domain\Authentication.Domain.csproj", "{6353F45A-F421-44A8-A8C4-276CEF6B94EB}"
EndProject
Project("{9A19103F-16F7-4668-BE54-9A1E7A4F7556}") = "Authentication.Application", "Authentication.Application\Authentication.Application.csproj", "{DFA8A338-B776-4436-9587-B8681EC91164}"
EndProject
Global
	GlobalSection(SolutionConfigurationPlatforms) = preSolution
		Debug|Any CPU = Debug|Any CPU
		Release|Any CPU = Release|Any CPU
	EndGlobalSection
	GlobalSection(ProjectConfigurationPlatforms) = postSolution
		{19A6C077-4C85-429D-B73F-0C311F3C14BD}.Debug|Any CPU.ActiveCfg = Debug|Any CPU
		{19A6C077-4C85-429D-B73F-0C311F3C14BD}.Debug|Any CPU.Build.0 = Debug|Any CPU
		{19A6C077-4C85-429D-B73F-0C311F3C14BD}.Release|Any CPU.ActiveCfg = Release|Any CPU
		{19A6C077-4C85-429D-B73F-0C311F3C14BD}.Release|Any CPU.Build.0 = Release|Any CPU
		{EC64C38D-AE51-464C-9696-9975FE09ADD2}.Debug|Any CPU.ActiveCfg = Debug|Any CPU
		{EC64C38D-AE51-464C-9696-9975FE09ADD2}.Debug|Any CPU.Build.0 = Debug|Any CPU
		{EC64C38D-AE51-464C-9696-9975FE09ADD2}.Release|Any CPU.ActiveCfg = Release|Any CPU
		{EC64C38D-AE51-464C-9696-9975FE09ADD2}.Release|Any CPU.Build.0 = Release|Any CPU
		{2D7E5BAA-7C76-499D-8EC0-24FB4EE26928}.Debug|Any CPU.ActiveCfg = Debug|Any CPU
		{2D7E5BAA-7C76-499D-8EC0-24FB4EE26928}.Debug|Any CPU.Build.0 = Debug|Any CPU
		{2D7E5BAA-7C76-499D-8EC0-24FB4EE26928}.Release|Any CPU.ActiveCfg = Release|Any CPU
		{2D7E5BAA-7C76-499D-8EC0-24FB4EE26928}.Release|Any CPU.Build.0 = Release|Any CPU
		{D4359008-FF4B-4E4E-9536-E2F55525E575}.Debug|Any CPU.ActiveCfg = Debug|Any CPU
		{D4359008-FF4B-4E4E-9536-E2F55525E575}.Debug|Any CPU.Build.0 = Debug|Any CPU
		{D4359008-FF4B-4E4E-9536-E2F55525E575}.Release|Any CPU.ActiveCfg = Release|Any CPU
		{D4359008-FF4B-4E4E-9536-E2F55525E575}.Release|Any CPU.Build.0 = Release|Any CPU
		{B4E6930C-3AF1-4A13-B905-7FFBD985E4F3}.Debug|Any CPU.ActiveCfg = Debug|Any CPU
		{B4E6930C-3AF1-4A13-B905-7FFBD985E4F3}.Debug|Any CPU.Build.0 = Debug|Any CPU
		{B4E6930C-3AF1-4A13-B905-7FFBD985E4F3}.Release|Any CPU.ActiveCfg = Release|Any CPU
		{B4E6930C-3AF1-4A13-B905-7FFBD985E4F3}.Release|Any CPU.Build.0 = Release|Any CPU
		{EBCA7688-4BF1-48BD-9264-A6C9B0D1F912}.Debug|Any CPU.ActiveCfg = Debug|Any CPU
		{EBCA7688-4BF1-48BD-9264-A6C9B0D1F912}.Debug|Any CPU.Build.0 = Debug|Any CPU
		{EBCA7688-4BF1-48BD-9264-A6C9B0D1F912}.Release|Any CPU.ActiveCfg = Release|Any CPU
		{EBCA7688-4BF1-48BD-9264-A6C9B0D1F912}.Release|Any CPU.Build.0 = Release|Any CPU
		{B991719A-C426-443F-A5D0-0579854B7338}.Debug|Any CPU.ActiveCfg = Debug|Any CPU
		{B991719A-C426-443F-A5D0-0579854B7338}.Debug|Any CPU.Build.0 = Debug|Any CPU
		{B991719A-C426-443F-A5D0-0579854B7338}.Release|Any CPU.ActiveCfg = Release|Any CPU
		{B991719A-C426-443F-A5D0-0579854B7338}.Release|Any CPU.Build.0 = Release|Any CPU
		{6353F45A-F421-44A8-A8C4-276CEF6B94EB}.Debug|Any CPU.ActiveCfg = Debug|Any CPU
		{6353F45A-F421-44A8-A8C4-276CEF6B94EB}.Debug|Any CPU.Build.0 = Debug|Any CPU
		{6353F45A-F421-44A8-A8C4-276CEF6B94EB}.Release|Any CPU.ActiveCfg = Release|Any CPU
		{6353F45A-F421-44A8-A8C4-276CEF6B94EB}.Release|Any CPU.Build.0 = Release|Any CPU
		{DFA8A338-B776-4436-9587-B8681EC91164}.Debug|Any CPU.ActiveCfg = Debug|Any CPU
		{DFA8A338-B776-4436-9587-B8681EC91164}.Debug|Any CPU.Build.0 = Debug|Any CPU
		{DFA8A338-B776-4436-9587-B8681EC91164}.Release|Any CPU.ActiveCfg = Release|Any CPU
		{DFA8A338-B776-4436-9587-B8681EC91164}.Release|Any CPU.Build.0 = Release|Any CPU
	EndGlobalSection
	GlobalSection(SolutionProperties) = preSolution
		HideSolutionNode = FALSE
	EndGlobalSection
	GlobalSection(NestedProjects) = preSolution
		{19057D9E-C890-494B-949D-79B50D307590} = {CCC90213-8D52-4227-8B88-A601DA8F099B}
		{90940D5E-C1E1-4389-8DCD-9E554349BA6E} = {19057D9E-C890-494B-949D-79B50D307590}
		{645E9C17-D25F-442B-B4EA-C1CBC40390BB} = {19057D9E-C890-494B-949D-79B50D307590}
		{19A6C077-4C85-429D-B73F-0C311F3C14BD} = {90940D5E-C1E1-4389-8DCD-9E554349BA6E}
		{EC64C38D-AE51-464C-9696-9975FE09ADD2} = {90940D5E-C1E1-4389-8DCD-9E554349BA6E}
		{2D7E5BAA-7C76-499D-8EC0-24FB4EE26928} = {90940D5E-C1E1-4389-8DCD-9E554349BA6E}
		{D4359008-FF4B-4E4E-9536-E2F55525E575} = {90940D5E-C1E1-4389-8DCD-9E554349BA6E}
		{B4E6930C-3AF1-4A13-B905-7FFBD985E4F3} = {645E9C17-D25F-442B-B4EA-C1CBC40390BB}
		{EBCA7688-4BF1-48BD-9264-A6C9B0D1F912} = {645E9C17-D25F-442B-B4EA-C1CBC40390BB}
		{B991719A-C426-443F-A5D0-0579854B7338} = {645E9C17-D25F-442B-B4EA-C1CBC40390BB}
		{6353F45A-F421-44A8-A8C4-276CEF6B94EB} = {645E9C17-D25F-442B-B4EA-C1CBC40390BB}
		{DFA8A338-B776-4436-9587-B8681EC91164} = {645E9C17-D25F-442B-B4EA-C1CBC40390BB}
	EndGlobalSection
	GlobalSection(ExtensibilityGlobals) = postSolution
		SolutionGuid = {90E9B78C-953F-49F7-80DE-08049BF19356}
	EndGlobalSection
EndGlobal
